{
  "requires": true,
  "lockfileVersion": 1,
  "dependencies": {
    "ngx-tour-core": {
      "version": "4.0.1",
      "resolved": "https://registry.npmjs.org/ngx-tour-core/-/ngx-tour-core-4.0.1.tgz",
      "integrity": "sha512-FoDn9UtjWyxoBVrzBapO4tRZ3rcMmg/4dNfXaH88RUjIBRObdTCl6EXM3TbR1eWajUexgo1fPzPW02ov9Z2Ifw==",
      "requires": {
        "tslib": "^1.9.0"
      }
    },
    "ngx-tour-md-menu": {
      "version": "4.0.1",
      "resolved": "https://registry.npmjs.org/ngx-tour-md-menu/-/ngx-tour-md-menu-4.0.1.tgz",
      "integrity": "sha512-3raP1DUbrl9F1gIRDoyzL5NmetqQi5WGvJbNUWRFcvCmqHFK54VxNW2uK5KRMVl1wYZA7sLiYMfNsqjuXt9bvg==",
      "requires": {
        "tslib": "^1.9.0",
        "withinviewport": "^2.0.0"
      }
    },
    "tslib": {
      "version": "1.9.3",
      "resolved": "https://registry.npmjs.org/tslib/-/tslib-1.9.3.tgz",
      "integrity": "sha512-4krF8scpejhaOgqzBEcGM7yDIEfi0/8+8zDRZhNZZ2kjmHJ4hv3zCbQWxoJGz1iw5U0Jl0nma13xzHXcncMavQ=="
    },
    "withinviewport": {
      "version": "2.1.0",
      "resolved": "https://registry.npmjs.org/withinviewport/-/withinviewport-2.1.0.tgz",
      "integrity": "sha1-klgVKBUr+8UfFCkfZhQCuSFjj9M="
    }
  }
}
